
Microsoft Visual Studio Solution File, Format Version 12.00
# Visual Studio Version 17
VisualStudioVersion = 17.13.35806.99 d17.13
MinimumVisualStudioVersion = 10.0.40219.1
Project("{FAE04EC0-301F-11D3-BF4B-00C04F79EFBC}") = "Lab1", "Lab1\Lab1.csproj", "{5EFA990D-2CAA-4974-AEE7-52310E08DCCE}"
EndProject
Global
	GlobalSection(SolutionConfigurationPlatforms) = preSolution
		Debug|Any CPU = Debug|Any CPU
		Release|Any CPU = Release|Any CPU
	EndGlobalSection
	GlobalSection(ProjectConfigurationPlatforms) = postSolution
		{5EFA990D-2CAA-4974-AEE7-52310E08DCCE}.Debug|Any CPU.ActiveCfg = Debug|Any CPU
		{5EFA990D-2CAA-4974-AEE7-52310E08DCCE}.Debug|Any CPU.Build.0 = Debug|Any CPU
		{5EFA990D-2CAA-4974-AEE7-52310E08DCCE}.Release|Any CPU.ActiveCfg = Release|Any CPU
		{5EFA990D-2CAA-4974-AEE7-52310E08DCCE}.Release|Any CPU.Build.0 = Release|Any CPU
	EndGlobalSection
	GlobalSection(SolutionProperties) = preSolution
		HideSolutionNode = FALSE
	EndGlobalSection
	GlobalSection(ExtensibilityGlobals) = postSolution
		SolutionGuid = {A50D667A-F191-4B94-9E2C-3AF5AE1A88BB}
	EndGlobalSection
EndGlobal
